
Microsoft Visual Studio Solution File, Format Version 12.00
# Visual Studio Version 17
VisualStudioVersion = 17.2.32616.157
MinimumVisualStudioVersion = 10.0.40219.1
Project("{2150E333-8FDC-42A3-9474-1A3956D46DE8}") = "FrontEnd", "FrontEnd", "{4AED7AE5-6617-40FE-86D4-DCAF665C7377}"
EndProject
Project("{9A19103F-16F7-4668-BE54-9A1E7A4F7556}") = "Restaurant.Web", "Restaurant.Web\Restaurant.Web.csproj", "{32C48D8B-6EBF-472E-81E0-EB368C4C12D7}"
EndProject
Project("{2150E333-8FDC-42A3-9474-1A3956D46DE8}") = "Services", "Services", "{FB074486-384F-4F3B-BA4D-68979FF020CD}"
EndProject
Project("{9A19103F-16F7-4668-BE54-9A1E7A4F7556}") = "Restaurant.Services.ProductAPI", "Restaurant.Services.ProductAPI\Restaurant.Services.ProductAPI.csproj", "{E5932DDA-C5B4-483E-9639-3B73D29DBBB4}"
EndProject
Project("{9A19103F-16F7-4668-BE54-9A1E7A4F7556}") = "Restaurant.Services.Identity", "Restaurant.Services.Identity\Restaurant.Services.Identity.csproj", "{E9B73FA8-95E6-4ACC-A8F9-3B70BB6DE253}"
EndProject
Project("{9A19103F-16F7-4668-BE54-9A1E7A4F7556}") = "Restaurant.Services.ShoppingCartAPI", "Restaurant.Services.ShoppingCartAPI\Restaurant.Services.ShoppingCartAPI.csproj", "{2FC2C0DC-4D30-4171-8484-91729271250B}"
EndProject
Project("{9A19103F-16F7-4668-BE54-9A1E7A4F7556}") = "Restaurant.Services.CouponAPI", "Restaurant.Services.CouponAPI\Restaurant.Services.CouponAPI.csproj", "{89EF59D7-9CA6-417E-9BA4-90C07CACC052}"
EndProject
Project("{2150E333-8FDC-42A3-9474-1A3956D46DE8}") = "Integration", "Integration", "{63614267-3ACF-40A0-8656-6CD2FEEBDE16}"
EndProject
Project("{9A19103F-16F7-4668-BE54-9A1E7A4F7556}") = "Restaurant.MessageBus", "Restaurant.MessageBus\Restaurant.MessageBus.csproj", "{8C4E45D2-6332-42BB-BE9E-FAE602363CD3}"
EndProject
Project("{FAE04EC0-301F-11D3-BF4B-00C04F79EFBC}") = "Restaurant.Services.OrderAPI", "Restaurant.Services.OrderAPI\Restaurant.Services.OrderAPI.csproj", "{293B9787-1BFB-4AC5-8365-B2113B65E9A9}"
EndProject
Global
	GlobalSection(SolutionConfigurationPlatforms) = preSolution
		Debug|Any CPU = Debug|Any CPU
		Release|Any CPU = Release|Any CPU
	EndGlobalSection
	GlobalSection(ProjectConfigurationPlatforms) = postSolution
		{32C48D8B-6EBF-472E-81E0-EB368C4C12D7}.Debug|Any CPU.ActiveCfg = Debug|Any CPU
		{32C48D8B-6EBF-472E-81E0-EB368C4C12D7}.Debug|Any CPU.Build.0 = Debug|Any CPU
		{32C48D8B-6EBF-472E-81E0-EB368C4C12D7}.Release|Any CPU.ActiveCfg = Release|Any CPU
		{32C48D8B-6EBF-472E-81E0-EB368C4C12D7}.Release|Any CPU.Build.0 = Release|Any CPU
		{E5932DDA-C5B4-483E-9639-3B73D29DBBB4}.Debug|Any CPU.ActiveCfg = Debug|Any CPU
		{E5932DDA-C5B4-483E-9639-3B73D29DBBB4}.Debug|Any CPU.Build.0 = Debug|Any CPU
		{E5932DDA-C5B4-483E-9639-3B73D29DBBB4}.Release|Any CPU.ActiveCfg = Release|Any CPU
		{E5932DDA-C5B4-483E-9639-3B73D29DBBB4}.Release|Any CPU.Build.0 = Release|Any CPU
		{E9B73FA8-95E6-4ACC-A8F9-3B70BB6DE253}.Debug|Any CPU.ActiveCfg = Debug|Any CPU
		{E9B73FA8-95E6-4ACC-A8F9-3B70BB6DE253}.Debug|Any CPU.Build.0 = Debug|Any CPU
		{E9B73FA8-95E6-4ACC-A8F9-3B70BB6DE253}.Release|Any CPU.ActiveCfg = Release|Any CPU
		{E9B73FA8-95E6-4ACC-A8F9-3B70BB6DE253}.Release|Any CPU.Build.0 = Release|Any CPU
		{2FC2C0DC-4D30-4171-8484-91729271250B}.Debug|Any CPU.ActiveCfg = Debug|Any CPU
		{2FC2C0DC-4D30-4171-8484-91729271250B}.Debug|Any CPU.Build.0 = Debug|Any CPU
		{2FC2C0DC-4D30-4171-8484-91729271250B}.Release|Any CPU.ActiveCfg = Release|Any CPU
		{2FC2C0DC-4D30-4171-8484-91729271250B}.Release|Any CPU.Build.0 = Release|Any CPU
		{89EF59D7-9CA6-417E-9BA4-90C07CACC052}.Debug|Any CPU.ActiveCfg = Debug|Any CPU
		{89EF59D7-9CA6-417E-9BA4-90C07CACC052}.Debug|Any CPU.Build.0 = Debug|Any CPU
		{89EF59D7-9CA6-417E-9BA4-90C07CACC052}.Release|Any CPU.ActiveCfg = Release|Any CPU
		{89EF59D7-9CA6-417E-9BA4-90C07CACC052}.Release|Any CPU.Build.0 = Release|Any CPU
		{8C4E45D2-6332-42BB-BE9E-FAE602363CD3}.Debug|Any CPU.ActiveCfg = Debug|Any CPU
		{8C4E45D2-6332-42BB-BE9E-FAE602363CD3}.Debug|Any CPU.Build.0 = Debug|Any CPU
		{8C4E45D2-6332-42BB-BE9E-FAE602363CD3}.Release|Any CPU.ActiveCfg = Release|Any CPU
		{8C4E45D2-6332-42BB-BE9E-FAE602363CD3}.Release|Any CPU.Build.0 = Release|Any CPU
		{293B9787-1BFB-4AC5-8365-B2113B65E9A9}.Debug|Any CPU.ActiveCfg = Debug|Any CPU
		{293B9787-1BFB-4AC5-8365-B2113B65E9A9}.Debug|Any CPU.Build.0 = Debug|Any CPU
		{293B9787-1BFB-4AC5-8365-B2113B65E9A9}.Release|Any CPU.ActiveCfg = Release|Any CPU
		{293B9787-1BFB-4AC5-8365-B2113B65E9A9}.Release|Any CPU.Build.0 = Release|Any CPU
	EndGlobalSection
	GlobalSection(SolutionProperties) = preSolution
		HideSolutionNode = FALSE
	EndGlobalSection
	GlobalSection(NestedProjects) = preSolution
		{32C48D8B-6EBF-472E-81E0-EB368C4C12D7} = {4AED7AE5-6617-40FE-86D4-DCAF665C7377}
		{E5932DDA-C5B4-483E-9639-3B73D29DBBB4} = {FB074486-384F-4F3B-BA4D-68979FF020CD}
		{E9B73FA8-95E6-4ACC-A8F9-3B70BB6DE253} = {FB074486-384F-4F3B-BA4D-68979FF020CD}
		{2FC2C0DC-4D30-4171-8484-91729271250B} = {FB074486-384F-4F3B-BA4D-68979FF020CD}
		{89EF59D7-9CA6-417E-9BA4-90C07CACC052} = {FB074486-384F-4F3B-BA4D-68979FF020CD}
		{8C4E45D2-6332-42BB-BE9E-FAE602363CD3} = {63614267-3ACF-40A0-8656-6CD2FEEBDE16}
		{293B9787-1BFB-4AC5-8365-B2113B65E9A9} = {FB074486-384F-4F3B-BA4D-68979FF020CD}
	EndGlobalSection
	GlobalSection(ExtensibilityGlobals) = postSolution
		SolutionGuid = {FE71849D-4CBA-4CF2-BFF8-A712B6E058C3}
	EndGlobalSection
EndGlobal
